github.com/appellative-ai/collective v0.0.0-20250716191054-a64d9e7bc1d9 h1:uXF/3j+HJGaFBeMPSXSCl3rXQq3GY2uDPTAAxZP3EtY=
github.com/appellative-ai/collective v0.0.0-20250716191054-a64d9e7bc1d9/go.mod h1:UJ9olrN22ZGAbEEEce2Brqel85V/qCHDeqQIg1oRRVk=
github.com/appellative-ai/core v0.0.0-20250716191654-e43fbfd4d1fc h1:rpknpCFb1pFxpNlxrIB2fcBgmx9TTSUzM9JhE6N7ens=
github.com/appellative-ai/core v0.0.0-20250716191654-e43fbfd4d1fc/go.mod h1:a8kfuZMJHcdtdksSK+aYw2Mp6lT+i25oQEB+UCqwyhs=
github.com/appellative-ai/traffic v0.0.0-20250716142059-a20348d4ecb0 h1:Ko5CSiCxWBitfbsb8qXe+eTwrMn7Sg8j88kcvi++M54=
github.com/appellative-ai/traffic v0.0.0-20250716142059-a20348d4ecb0/go.mod h1:RBehIm2bTfeml75DtshbReGf/JUqi1iI002kXaDy9kE=
